// !$*UTF8*$!
{
	archiveVersion = 1;
	classes = {
	};
	objectVersion = 46;
	objects = {

/* Begin PBXBuildFile section */
		5D0635C51E671D8C00046007 /* BrowsePlanViewController.swift in Sources */ = {isa = PBXBuildFile; fileRef = 5D0635C21E671D8C00046007 /* BrowsePlanViewController.swift */; };
		5D0635C61E671D8C00046007 /* operatorViewController.swift in Sources */ = {isa = PBXBuildFile; fileRef = 5D0635C31E671D8C00046007 /* operatorViewController.swift */; };
		5D0635C71E671D8C00046007 /* RechargeorPayBills.swift in Sources */ = {isa = PBXBuildFile; fileRef = 5D0635C41E671D8C00046007 /* RechargeorPayBills.swift */; };
		5D0635C91E671DC000046007 /* PlanViewModel.swift in Sources */ = {isa = PBXBuildFile; fileRef = 5D0635C81E671DC000046007 /* PlanViewModel.swift */; };
		5D0635CB1E6724C400046007 /* rechargeorPayBill.swift in Sources */ = {isa = PBXBuildFile; fileRef = 5D0635CA1E6724C400046007 /* rechargeorPayBill.swift */; };
		5D0635CD1E67250B00046007 /* ModelViewforRecharge.swift in Sources */ = {isa = PBXBuildFile; fileRef = 5D0635CC1E67250B00046007 /* ModelViewforRecharge.swift */; };
		5D0635CF1E67259F00046007 /* Mobileseries.txt in Resources */ = {isa = PBXBuildFile; fileRef = 5D0635CE1E67259F00046007 /* Mobileseries.txt */; };
		5D0635D11E6725BE00046007 /* mobileSeries.swift in Sources */ = {isa = PBXBuildFile; fileRef = 5D0635D01E6725BE00046007 /* mobileSeries.swift */; };
		5D0AFC9F1E5C586E0097927F /* contactViewController.swift in Sources */ = {isa = PBXBuildFile; fileRef = 5D0AFC9E1E5C586E0097927F /* contactViewController.swift */; };
		5D0AFCA11E5C89CD0097927F /* exitViewController.swift in Sources */ = {isa = PBXBuildFile; fileRef = 5D0AFCA01E5C89CD0097927F /* exitViewController.swift */; };
		5D0F27A01E41CCF30088E909 /* AppDelegate.swift in Sources */ = {isa = PBXBuildFile; fileRef = 5D0F279F1E41CCF30088E909 /* AppDelegate.swift */; };
		5D0F27A21E41CCF30088E909 /* ViewController.swift in Sources */ = {isa = PBXBuildFile; fileRef = 5D0F27A11E41CCF30088E909 /* ViewController.swift */; };
		5D0F27A51E41CCF30088E909 /* Main.storyboard in Resources */ = {isa = PBXBuildFile; fileRef = 5D0F27A31E41CCF30088E909 /* Main.storyboard */; };
		5D0F27A71E41CCF30088E909 /* Assets.xcassets in Resources */ = {isa = PBXBuildFile; fileRef = 5D0F27A61E41CCF30088E909 /* Assets.xcassets */; };
		5D0F27AA1E41CCF30088E909 /* LaunchScreen.storyboard in Resources */ = {isa = PBXBuildFile; fileRef = 5D0F27A81E41CCF30088E909 /* LaunchScreen.storyboard */; };
		5D0F27B51E41CCF30088E909 /* purZTests.swift in Sources */ = {isa = PBXBuildFile; fileRef = 5D0F27B41E41CCF30088E909 /* purZTests.swift */; };
		5D0F27C01E41CCF30088E909 /* purZUITests.swift in Sources */ = {isa = PBXBuildFile; fileRef = 5D0F27BF1E41CCF30088E909 /* purZUITests.swift */; };
		5D0F27CE1E41CD360088E909 /* GoogleService-Info.plist in Resources */ = {isa = PBXBuildFile; fileRef = 5D0F27CD1E41CD360088E909 /* GoogleService-Info.plist */; };
		5D0F27D21E41CDBA0088E909 /* libsqlite3.0.tbd in Frameworks */ = {isa = PBXBuildFile; fileRef = 5D0F27D11E41CDBA0088E909 /* libsqlite3.0.tbd */; };
		5D0F27D91E41CDEF0088E909 /* FourdigitpasswordViewController.swift in Sources */ = {isa = PBXBuildFile; fileRef = 5D0F27D51E41CDEF0088E909 /* FourdigitpasswordViewController.swift */; };
		5D0F27DA1E41CDEF0088E909 /* HomeViewController.swift in Sources */ = {isa = PBXBuildFile; fileRef = 5D0F27D61E41CDEF0088E909 /* HomeViewController.swift */; };
		5D0F27EE1E41CE790088E909 /* AppConstant.swift in Sources */ = {isa = PBXBuildFile; fileRef = 5D0F27DE1E41CE790088E909 /* AppConstant.swift */; };
		5D0F27EF1E41CE790088E909 /* DBHelper.swift in Sources */ = {isa = PBXBuildFile; fileRef = 5D0F27DF1E41CE790088E909 /* DBHelper.swift */; };
		5D0F27F01E41CE790088E909 /* EventManager.swift in Sources */ = {isa = PBXBuildFile; fileRef = 5D0F27E01E41CE790088E909 /* EventManager.swift */; };
		5D0F27F11E41CE790088E909 /* FMDatabase.m in Sources */ = {isa = PBXBuildFile; fileRef = 5D0F27E21E41CE790088E909 /* FMDatabase.m */; };
		5D0F27F21E41CE790088E909 /* FMDatabaseAdditions.m in Sources */ = {isa = PBXBuildFile; fileRef = 5D0F27E41E41CE790088E909 /* FMDatabaseAdditions.m */; };
		5D0F27F31E41CE790088E909 /* FMDatabasePool.m in Sources */ = {isa = PBXBuildFile; fileRef = 5D0F27E61E41CE790088E909 /* FMDatabasePool.m */; };
		5D0F27F41E41CE790088E909 /* FMDatabaseQueue.m in Sources */ = {isa = PBXBuildFile; fileRef = 5D0F27E81E41CE790088E909 /* FMDatabaseQueue.m */; };
		5D0F27F51E41CE790088E909 /* FMResultSet.m in Sources */ = {isa = PBXBuildFile; fileRef = 5D0F27EB1E41CE790088E909 /* FMResultSet.m */; };
		5D0F27F61E41CE790088E909 /* JsonSerializerSwift.swift in Sources */ = {isa = PBXBuildFile; fileRef = 5D0F27EC1E41CE790088E909 /* JsonSerializerSwift.swift */; };
		5D0F27F71E41CE790088E909 /* SwiftyJson.swift in Sources */ = {isa = PBXBuildFile; fileRef = 5D0F27ED1E41CE790088E909 /* SwiftyJson.swift */; };
		5D0F27F91E41CF300088E909 /* AVFoundation.framework in Frameworks */ = {isa = PBXBuildFile; fileRef = 5D0F27F81E41CF300088E909 /* AVFoundation.framework */; };
		5D0F27FB1E41D01E0088E909 /* Podfile in Resources */ = {isa = PBXBuildFile; fileRef = 5D0F27FA1E41D01E0088E909 /* Podfile */; };
		5D0F28021E41D1010088E909 /* AddMoneyViewModel.swift in Sources */ = {isa = PBXBuildFile; fileRef = 5D0F27FD1E41D1010088E909 /* AddMoneyViewModel.swift */; };
		5D0F28031E41D1010088E909 /* AskMoneyViewModel.swift in Sources */ = {isa = PBXBuildFile; fileRef = 5D0F27FE1E41D1010088E909 /* AskMoneyViewModel.swift */; };
		5D0F28041E41D1010088E909 /* RechargeViewModel.swift in Sources */ = {isa = PBXBuildFile; fileRef = 5D0F27FF1E41D1010088E909 /* RechargeViewModel.swift */; };
		5D0F28051E41D1010088E909 /* SplitbillViewModel.swift in Sources */ = {isa = PBXBuildFile; fileRef = 5D0F28001E41D1010088E909 /* SplitbillViewModel.swift */; };
		5D0F28061E41D1010088E909 /* TransactionViewModel.swift in Sources */ = {isa = PBXBuildFile; fileRef = 5D0F28011E41D1010088E909 /* TransactionViewModel.swift */; };
		5D0F28081E41D1180088E909 /* SignupViewModel.swift in Sources */ = {isa = PBXBuildFile; fileRef = 5D0F28071E41D1180088E909 /* SignupViewModel.swift */; };
		5D0F28161E41D2E20088E909 /* PayatStoreViewController.swift in Sources */ = {isa = PBXBuildFile; fileRef = 5D0F28131E41D2E20088E909 /* PayatStoreViewController.swift */; };
		5D0F28171E41D2E20088E909 /* PaymentSuccessfulViewController.swift in Sources */ = {isa = PBXBuildFile; fileRef = 5D0F28141E41D2E20088E909 /* PaymentSuccessfulViewController.swift */; };
		5D0F28181E41D2E20088E909 /* ProfileSettingsViewController.swift in Sources */ = {isa = PBXBuildFile; fileRef = 5D0F28151E41D2E20088E909 /* ProfileSettingsViewController.swift */; };
		5D0F281E1E41D3BF0088E909 /* TransactionModel.swift in Sources */ = {isa = PBXBuildFile; fileRef = 5D0F281B1E41D3BF0088E909 /* TransactionModel.swift */; };
		5D0F28241E41D4220088E909 /* AddMoneyViewController.swift in Sources */ = {isa = PBXBuildFile; fileRef = 5D0F28211E41D4220088E909 /* AddMoneyViewController.swift */; };
		5D0F28251E41D4220088E909 /* SplitBillViewController.swift in Sources */ = {isa = PBXBuildFile; fileRef = 5D0F28221E41D4220088E909 /* SplitBillViewController.swift */; };
		5D0F28261E41D4220088E909 /* WebViewController.swift in Sources */ = {isa = PBXBuildFile; fileRef = 5D0F28231E41D4220088E909 /* WebViewController.swift */; };
		5D0F28321E41D4C60088E909 /* QRCode.swift in Sources */ = {isa = PBXBuildFile; fileRef = 5D0F28291E41D4C60088E909 /* QRCode.swift */; };
		5D0F28331E41D4C60088E909 /* QRCodeReader.swift in Sources */ = {isa = PBXBuildFile; fileRef = 5D0F282A1E41D4C60088E909 /* QRCodeReader.swift */; };
		5D0F28341E41D4C60088E909 /* QRCodeReaderResult.swift in Sources */ = {isa = PBXBuildFile; fileRef = 5D0F282B1E41D4C60088E909 /* QRCodeReaderResult.swift */; };
		5D0F28351E41D4C60088E909 /* QRCodeViewController.swift in Sources */ = {isa = PBXBuildFile; fileRef = 5D0F282C1E41D4C60088E909 /* QRCodeViewController.swift */; };
		5D0F28361E41D4C60088E909 /* QRCodeViewControllerBuilder.swift in Sources */ = {isa = PBXBuildFile; fileRef = 5D0F282D1E41D4C60088E909 /* QRCodeViewControllerBuilder.swift */; };
		5D0F28371E41D4C60088E909 /* QRHelper.swift in Sources */ = {isa = PBXBuildFile; fileRef = 5D0F282E1E41D4C60088E909 /* QRHelper.swift */; };
		5D0F28381E41D4C60088E909 /* ReaderOverlayView.swift in Sources */ = {isa = PBXBuildFile; fileRef = 5D0F282F1E41D4C60088E909 /* ReaderOverlayView.swift */; };
		5D0F28391E41D4C60088E909 /* SwitchCameraButton.swift in Sources */ = {isa = PBXBuildFile; fileRef = 5D0F28301E41D4C60088E909 /* SwitchCameraButton.swift */; };
		5D0F283A1E41D4C60088E909 /* ToggleTorchButton.swift in Sources */ = {isa = PBXBuildFile; fileRef = 5D0F28311E41D4C60088E909 /* ToggleTorchButton.swift */; };
		5D0F283E1E41D52E0088E909 /* (null) in Resources */ = {isa = PBXBuildFile; };
		5D0F283F1E41D52E0088E909 /* (null) in Resources */ = {isa = PBXBuildFile; };
		5D0F28411E41E55C0088E909 /* OTPViewController.swift in Sources */ = {isa = PBXBuildFile; fileRef = 5D0F28401E41E55C0088E909 /* OTPViewController.swift */; };
		5D0F28441E41E6B70088E909 /* SigninViewController.swift in Sources */ = {isa = PBXBuildFile; fileRef = 5D0F28421E41E6B70088E909 /* SigninViewController.swift */; };
		5D0F28451E41E6B70088E909 /* SignupViewController.swift in Sources */ = {isa = PBXBuildFile; fileRef = 5D0F28431E41E6B70088E909 /* SignupViewController.swift */; };
		5D29B21E1E4366E900F0CCDE /* OTPViewController.swift in Sources */ = {isa = PBXBuildFile; fileRef = 5D0F28401E41E55C0088E909 /* OTPViewController.swift */; };
		5D371ADA1E67DBF600FC5FCC /* Providers.txt in Resources */ = {isa = PBXBuildFile; fileRef = 5D371AD91E67DBF600FC5FCC /* Providers.txt */; };
		5D3E30501E694AA70049EA8F /* PayBillModel.swift in Sources */ = {isa = PBXBuildFile; fileRef = 5D3E304F1E694AA70049EA8F /* PayBillModel.swift */; };
		5D3E30521E694E500049EA8F /* FetchBillModel.swift in Sources */ = {isa = PBXBuildFile; fileRef = 5D3E30511E694E500049EA8F /* FetchBillModel.swift */; };
		5D45B43D1E4C60C2000C32F7 /* SendOrAskMoneyViewController.swift in Sources */ = {isa = PBXBuildFile; fileRef = 5D45B43C1E4C60C2000C32F7 /* SendOrAskMoneyViewController.swift */; };
		5D45B43F1E4C6152000C32F7 /* myAccountViewController.swift in Sources */ = {isa = PBXBuildFile; fileRef = 5D45B43E1E4C6152000C32F7 /* myAccountViewController.swift */; };
		5D45B4411E4C6DA9000C32F7 /* NotificationViewController.swift in Sources */ = {isa = PBXBuildFile; fileRef = 5D45B4401E4C6DA9000C32F7 /* NotificationViewController.swift */; };
		5D45B4431E4C6DBD000C32F7 /* TransactionViewController.swift in Sources */ = {isa = PBXBuildFile; fileRef = 5D45B4421E4C6DBD000C32F7 /* TransactionViewController.swift */; };
		5D45B4451E4C6E4B000C32F7 /* changePasswordViewController.swift in Sources */ = {isa = PBXBuildFile; fileRef = 5D45B4441E4C6E4B000C32F7 /* changePasswordViewController.swift */; };
		5D45B4471E4C6EA0000C32F7 /* CompleteProfileViewController.swift in Sources */ = {isa = PBXBuildFile; fileRef = 5D45B4461E4C6EA0000C32F7 /* CompleteProfileViewController.swift */; };
		5D4AAF671E5EEE4D00B3ABDC /* TransactionsViewController.swift in Sources */ = {isa = PBXBuildFile; fileRef = 5D4AAF661E5EEE4D00B3ABDC /* TransactionsViewController.swift */; };
		5D4EC02D1E52E22C00662F39 /* SideMenuViewController.swift in Sources */ = {isa = PBXBuildFile; fileRef = 5D4EC02C1E52E22C00662F39 /* SideMenuViewController.swift */; };
		5D50FF331E543B8F00AD2941 /* SWRevealViewController.m in Sources */ = {isa = PBXBuildFile; fileRef = 5D50FF321E543B8F00AD2941 /* SWRevealViewController.m */; };
/* End PBXBuildFile section */

/* Begin PBXContainerItemProxy section */
		5D0F27B11E41CCF30088E909 /* PBXContainerItemProxy */ = {
			isa = PBXContainerItemProxy;
			containerPortal = 5D0F27941E41CCF30088E909 /* Project object */;
			proxyType = 1;
			remoteGlobalIDString = 5D0F279B1E41CCF30088E909;
			remoteInfo = purZ;
		};
		5D0F27BC1E41CCF30088E909 /* PBXContainerItemProxy */ = {
			isa = PBXContainerItemProxy;
			containerPortal = 5D0F27941E41CCF30088E909 /* Project object */;
			proxyType = 1;
			remoteGlobalIDString = 5D0F279B1E41CCF30088E909;
			remoteInfo = purZ;
		};
/* End PBXContainerItemProxy section */

/* Begin PBXFileReference section */
		593ABBF6BE1B70A09AB4530F /* Pods-purZ.release.xcconfig */ = {isa = PBXFileReference; includeInIndex = 1; lastKnownFileType = text.xcconfig; name = "Pods-purZ.release.xcconfig"; path = "Pods/Target Support Files/Pods-purZ/Pods-purZ.release.xcconfig"; sourceTree = "<group>"; };
		5D0635C21E671D8C00046007 /* BrowsePlanViewController.swift */ = {isa = PBXFileReference; fileEncoding = 4; lastKnownFileType = sourcecode.swift; name = BrowsePlanViewController.swift; path = purZ/BrowsePlanViewController.swift; sourceTree = "<group>"; };
		5D0635C31E671D8C00046007 /* operatorViewController.swift */ = {isa = PBXFileReference; fileEncoding = 4; lastKnownFileType = sourcecode.swift; name = operatorViewController.swift; path = purZ/operatorViewController.swift; sourceTree = "<group>"; };
		5D0635C41E671D8C00046007 /* RechargeorPayBills.swift */ = {isa = PBXFileReference; fileEncoding = 4; lastKnownFileType = sourcecode.swift; name = RechargeorPayBills.swift; path = purZ/RechargeorPayBills.swift; sourceTree = "<group>"; };
		5D0635C81E671DC000046007 /* PlanViewModel.swift */ = {isa = PBXFileReference; fileEncoding = 4; lastKnownFileType = sourcecode.swift; name = PlanViewModel.swift; path = purZ/PlanViewModel.swift; sourceTree = "<group>"; };
		5D0635CA1E6724C400046007 /* rechargeorPayBill.swift */ = {isa = PBXFileReference; fileEncoding = 4; lastKnownFileType = sourcecode.swift; path = rechargeorPayBill.swift; sourceTree = "<group>"; };
		5D0635CC1E67250B00046007 /* ModelViewforRecharge.swift */ = {isa = PBXFileReference; fileEncoding = 4; lastKnownFileType = sourcecode.swift; path = ModelViewforRecharge.swift; sourceTree = "<group>"; };
		5D0635CE1E67259F00046007 /* Mobileseries.txt */ = {isa = PBXFileReference; fileEncoding = 4; lastKnownFileType = text; path = Mobileseries.txt; sourceTree = "<group>"; };
		5D0635D01E6725BE00046007 /* mobileSeries.swift */ = {isa = PBXFileReference; fileEncoding = 4; lastKnownFileType = sourcecode.swift; path = mobileSeries.swift; sourceTree = "<group>"; };
		5D0AFC9E1E5C586E0097927F /* contactViewController.swift */ = {isa = PBXFileReference; fileEncoding = 4; lastKnownFileType = sourcecode.swift; lineEnding = 0; path = contactViewController.swift; sourceTree = "<group>"; xcLanguageSpecificationIdentifier = xcode.lang.swift; };
		5D0AFCA01E5C89CD0097927F /* exitViewController.swift */ = {isa = PBXFileReference; fileEncoding = 4; lastKnownFileType = sourcecode.swift; name = exitViewController.swift; path = purZ/exitViewController.swift; sourceTree = "<group>"; };
		5D0F279C1E41CCF30088E909 /* purZ.app */ = {isa = PBXFileReference; explicitFileType = wrapper.application; includeInIndex = 0; path = purZ.app; sourceTree = BUILT_PRODUCTS_DIR; };
		5D0F279F1E41CCF30088E909 /* AppDelegate.swift */ = {isa = PBXFileReference; lastKnownFileType = sourcecode.swift; path = AppDelegate.swift; sourceTree = "<group>"; };
		5D0F27A11E41CCF30088E909 /* ViewController.swift */ = {isa = PBXFileReference; lastKnownFileType = sourcecode.swift; path = ViewController.swift; sourceTree = "<group>"; };
		5D0F27A41E41CCF30088E909 /* Base */ = {isa = PBXFileReference; lastKnownFileType = file.storyboard; name = Base; path = Base.lproj/Main.storyboard; sourceTree = "<group>"; };
		5D0F27A61E41CCF30088E909 /* Assets.xcassets */ = {isa = PBXFileReference; lastKnownFileType = folder.assetcatalog; path = Assets.xcassets; sourceTree = "<group>"; };
		5D0F27A91E41CCF30088E909 /* Base */ = {isa = PBXFileReference; lastKnownFileType = file.storyboard; name = Base; path = Base.lproj/LaunchScreen.storyboard; sourceTree = "<group>"; };
		5D0F27AB1E41CCF30088E909 /* Info.plist */ = {isa = PBXFileReference; lastKnownFileType = text.plist.xml; path = Info.plist; sourceTree = "<group>"; };
		5D0F27B01E41CCF30088E909 /* purZTests.xctest */ = {isa = PBXFileReference; explicitFileType = wrapper.cfbundle; includeInIndex = 0; path = purZTests.xctest; sourceTree = BUILT_PRODUCTS_DIR; };
		5D0F27B41E41CCF30088E909 /* purZTests.swift */ = {isa = PBXFileReference; lastKnownFileType = sourcecode.swift; path = purZTests.swift; sourceTree = "<group>"; };
		5D0F27B61E41CCF30088E909 /* Info.plist */ = {isa = PBXFileReference; lastKnownFileType = text.plist.xml; path = Info.plist; sourceTree = "<group>"; };
		5D0F27BB1E41CCF30088E909 /* purZUITests.xctest */ = {isa = PBXFileReference; explicitFileType = wrapper.cfbundle; includeInIndex = 0; path = purZUITests.xctest; sourceTree = BUILT_PRODUCTS_DIR; };
		5D0F27BF1E41CCF30088E909 /* purZUITests.swift */ = {isa = PBXFileReference; lastKnownFileType = sourcecode.swift; path = purZUITests.swift; sourceTree = "<group>"; };
		5D0F27C11E41CCF30088E909 /* Info.plist */ = {isa = PBXFileReference; lastKnownFileType = text.plist.xml; path = Info.plist; sourceTree = "<group>"; };
		5D0F27CD1E41CD360088E909 /* GoogleService-Info.plist */ = {isa = PBXFileReference; fileEncoding = 4; lastKnownFileType = text.plist.xml; path = "GoogleService-Info.plist"; sourceTree = "<group>"; };
		5D0F27CF1E41CD9D0088E909 /* Calibri Bold.ttf */ = {isa = PBXFileReference; lastKnownFileType = file; path = "Calibri Bold.ttf"; sourceTree = "<group>"; };
		5D0F27D01E41CD9D0088E909 /* Calibri.ttf */ = {isa = PBXFileReference; lastKnownFileType = file; path = Calibri.ttf; sourceTree = "<group>"; };
		5D0F27D11E41CDBA0088E909 /* libsqlite3.0.tbd */ = {isa = PBXFileReference; lastKnownFileType = "sourcecode.text-based-dylib-definition"; name = libsqlite3.0.tbd; path = usr/lib/libsqlite3.0.tbd; sourceTree = SDKROOT; };
		5D0F27D51E41CDEF0088E909 /* FourdigitpasswordViewController.swift */ = {isa = PBXFileReference; fileEncoding = 4; lastKnownFileType = sourcecode.swift; path = FourdigitpasswordViewController.swift; sourceTree = "<group>"; };
		5D0F27D61E41CDEF0088E909 /* HomeViewController.swift */ = {isa = PBXFileReference; fileEncoding = 4; lastKnownFileType = sourcecode.swift; lineEnding = 0; path = HomeViewController.swift; sourceTree = "<group>"; xcLanguageSpecificationIdentifier = xcode.lang.swift; };
		5D0F27DD1E41CE790088E909 /* purZ-Bridging-Header.h */ = {isa = PBXFileReference; lastKnownFileType = sourcecode.c.h; path = "purZ-Bridging-Header.h"; sourceTree = "<group>"; };
		5D0F27DE1E41CE790088E909 /* AppConstant.swift */ = {isa = PBXFileReference; fileEncoding = 4; lastKnownFileType = sourcecode.swift; path = AppConstant.swift; sourceTree = "<group>"; };
		5D0F27DF1E41CE790088E909 /* DBHelper.swift */ = {isa = PBXFileReference; fileEncoding = 4; lastKnownFileType = sourcecode.swift; path = DBHelper.swift; sourceTree = "<group>"; };
		5D0F27E01E41CE790088E909 /* EventManager.swift */ = {isa = PBXFileReference; fileEncoding = 4; lastKnownFileType = sourcecode.swift; path = EventManager.swift; sourceTree = "<group>"; };
		5D0F27E11E41CE790088E909 /* FMDatabase.h */ = {isa = PBXFileReference; fileEncoding = 4; lastKnownFileType = sourcecode.c.h; path = FMDatabase.h; sourceTree = "<group>"; };
		5D0F27E21E41CE790088E909 /* FMDatabase.m */ = {isa = PBXFileReference; fileEncoding = 4; lastKnownFileType = sourcecode.c.objc; path = FMDatabase.m; sourceTree = "<group>"; };
		5D0F27E31E41CE790088E909 /* FMDatabaseAdditions.h */ = {isa = PBXFileReference; fileEncoding = 4; lastKnownFileType = sourcecode.c.h; path = FMDatabaseAdditions.h; sourceTree = "<group>"; };
		5D0F27E41E41CE790088E909 /* FMDatabaseAdditions.m */ = {isa = PBXFileReference; fileEncoding = 4; lastKnownFileType = sourcecode.c.objc; path = FMDatabaseAdditions.m; sourceTree = "<group>"; };
		5D0F27E51E41CE790088E909 /* FMDatabasePool.h */ = {isa = PBXFileReference; fileEncoding = 4; lastKnownFileType = sourcecode.c.h; path = FMDatabasePool.h; sourceTree = "<group>"; };
		5D0F27E61E41CE790088E909 /* FMDatabasePool.m */ = {isa = PBXFileReference; fileEncoding = 4; lastKnownFileType = sourcecode.c.objc; path = FMDatabasePool.m; sourceTree = "<group>"; };
		5D0F27E71E41CE790088E909 /* FMDatabaseQueue.h */ = {isa = PBXFileReference; fileEncoding = 4; lastKnownFileType = sourcecode.c.h; path = FMDatabaseQueue.h; sourceTree = "<group>"; };
		5D0F27E81E41CE790088E909 /* FMDatabaseQueue.m */ = {isa = PBXFileReference; fileEncoding = 4; lastKnownFileType = sourcecode.c.objc; path = FMDatabaseQueue.m; sourceTree = "<group>"; };
		5D0F27E91E41CE790088E909 /* FMDB.h */ = {isa = PBXFileReference; fileEncoding = 4; lastKnownFileType = sourcecode.c.h; path = FMDB.h; sourceTree = "<group>"; };
		5D0F27EA1E41CE790088E909 /* FMResultSet.h */ = {isa = PBXFileReference; fileEncoding = 4; lastKnownFileType = sourcecode.c.h; path = FMResultSet.h; sourceTree = "<group>"; };
		5D0F27EB1E41CE790088E909 /* FMResultSet.m */ = {isa = PBXFileReference; fileEncoding = 4; lastKnownFileType = sourcecode.c.objc; path = FMResultSet.m; sourceTree = "<group>"; };
		5D0F27EC1E41CE790088E909 /* JsonSerializerSwift.swift */ = {isa = PBXFileReference; fileEncoding = 4; lastKnownFileType = sourcecode.swift; path = JsonSerializerSwift.swift; sourceTree = "<group>"; };
		5D0F27ED1E41CE790088E909 /* SwiftyJson.swift */ = {isa = PBXFileReference; fileEncoding = 4; lastKnownFileType = sourcecode.swift; path = SwiftyJson.swift; sourceTree = "<group>"; };
		5D0F27F81E41CF300088E909 /* AVFoundation.framework */ = {isa = PBXFileReference; lastKnownFileType = wrapper.framework; name = AVFoundation.framework; path = System/Library/Frameworks/AVFoundation.framework; sourceTree = SDKROOT; };
		5D0F27FA1E41D01E0088E909 /* Podfile */ = {isa = PBXFileReference; fileEncoding = 4; lastKnownFileType = text; path = Podfile; sourceTree = "<group>"; xcLanguageSpecificationIdentifier = xcode.lang.ruby; };
		5D0F27FD1E41D1010088E909 /* AddMoneyViewModel.swift */ = {isa = PBXFileReference; fileEncoding = 4; lastKnownFileType = sourcecode.swift; path = AddMoneyViewModel.swift; sourceTree = "<group>"; };
		5D0F27FE1E41D1010088E909 /* AskMoneyViewModel.swift */ = {isa = PBXFileReference; fileEncoding = 4; lastKnownFileType = sourcecode.swift; path = AskMoneyViewModel.swift; sourceTree = "<group>"; };
		5D0F27FF1E41D1010088E909 /* RechargeViewModel.swift */ = {isa = PBXFileReference; fileEncoding = 4; lastKnownFileType = sourcecode.swift; path = RechargeViewModel.swift; sourceTree = "<group>"; };
		5D0F28001E41D1010088E909 /* SplitbillViewModel.swift */ = {isa = PBXFileReference; fileEncoding = 4; lastKnownFileType = sourcecode.swift; path = SplitbillViewModel.swift; sourceTree = "<group>"; };
		5D0F28011E41D1010088E909 /* TransactionViewModel.swift */ = {isa = PBXFileReference; fileEncoding = 4; lastKnownFileType = sourcecode.swift; path = TransactionViewModel.swift; sourceTree = "<group>"; };
		5D0F28071E41D1180088E909 /* SignupViewModel.swift */ = {isa = PBXFileReference; fileEncoding = 4; lastKnownFileType = sourcecode.swift; path = SignupViewModel.swift; sourceTree = "<group>"; };
		5D0F28131E41D2E20088E909 /* PayatStoreViewController.swift */ = {isa = PBXFileReference; fileEncoding = 4; lastKnownFileType = sourcecode.swift; path = PayatStoreViewController.swift; sourceTree = "<group>"; };
		5D0F28141E41D2E20088E909 /* PaymentSuccessfulViewController.swift */ = {isa = PBXFileReference; fileEncoding = 4; lastKnownFileType = sourcecode.swift; path = PaymentSuccessfulViewController.swift; sourceTree = "<group>"; };
		5D0F28151E41D2E20088E909 /* ProfileSettingsViewController.swift */ = {isa = PBXFileReference; fileEncoding = 4; lastKnownFileType = sourcecode.swift; path = ProfileSettingsViewController.swift; sourceTree = "<group>"; };
		5D0F281B1E41D3BF0088E909 /* TransactionModel.swift */ = {isa = PBXFileReference; fileEncoding = 4; lastKnownFileType = sourcecode.swift; path = TransactionModel.swift; sourceTree = "<group>"; };
		5D0F28211E41D4220088E909 /* AddMoneyViewController.swift */ = {isa = PBXFileReference; fileEncoding = 4; lastKnownFileType = sourcecode.swift; lineEnding = 0; path = AddMoneyViewController.swift; sourceTree = "<group>"; xcLanguageSpecificationIdentifier = xcode.lang.swift; };
		5D0F28221E41D4220088E909 /* SplitBillViewController.swift */ = {isa = PBXFileReference; fileEncoding = 4; lastKnownFileType = sourcecode.swift; path = SplitBillViewController.swift; sourceTree = "<group>"; };
		5D0F28231E41D4220088E909 /* WebViewController.swift */ = {isa = PBXFileReference; fileEncoding = 4; lastKnownFileType = sourcecode.swift; path = WebViewController.swift; sourceTree = "<group>"; };
		5D0F28281E41D4C60088E909 /* QRCode.h */ = {isa = PBXFileReference; fileEncoding = 4; lastKnownFileType = sourcecode.c.h; path = QRCode.h; sourceTree = "<group>"; };
		5D0F28291E41D4C60088E909 /* QRCode.swift */ = {isa = PBXFileReference; fileEncoding = 4; lastKnownFileType = sourcecode.swift; path = QRCode.swift; sourceTree = "<group>"; };
		5D0F282A1E41D4C60088E909 /* QRCodeReader.swift */ = {isa = PBXFileReference; fileEncoding = 4; lastKnownFileType = sourcecode.swift; path = QRCodeReader.swift; sourceTree = "<group>"; };
		5D0F282B1E41D4C60088E909 /* QRCodeReaderResult.swift */ = {isa = PBXFileReference; fileEncoding = 4; lastKnownFileType = sourcecode.swift; path = QRCodeReaderResult.swift; sourceTree = "<group>"; };
		5D0F282C1E41D4C60088E909 /* QRCodeViewController.swift */ = {isa = PBXFileReference; fileEncoding = 4; lastKnownFileType = sourcecode.swift; path = QRCodeViewController.swift; sourceTree = "<group>"; };
		5D0F282D1E41D4C60088E909 /* QRCodeViewControllerBuilder.swift */ = {isa = PBXFileReference; fileEncoding = 4; lastKnownFileType = sourcecode.swift; path = QRCodeViewControllerBuilder.swift; sourceTree = "<group>"; };
		5D0F282E1E41D4C60088E909 /* QRHelper.swift */ = {isa = PBXFileReference; fileEncoding = 4; lastKnownFileType = sourcecode.swift; path = QRHelper.swift; sourceTree = "<group>"; };
		5D0F282F1E41D4C60088E909 /* ReaderOverlayView.swift */ = {isa = PBXFileReference; fileEncoding = 4; lastKnownFileType = sourcecode.swift; path = ReaderOverlayView.swift; sourceTree = "<group>"; };
		5D0F28301E41D4C60088E909 /* SwitchCameraButton.swift */ = {isa = PBXFileReference; fileEncoding = 4; lastKnownFileType = sourcecode.swift; path = SwitchCameraButton.swift; sourceTree = "<group>"; };
		5D0F28311E41D4C60088E909 /* ToggleTorchButton.swift */ = {isa = PBXFileReference; fileEncoding = 4; lastKnownFileType = sourcecode.swift; path = ToggleTorchButton.swift; sourceTree = "<group>"; };
		5D0F28401E41E55C0088E909 /* OTPViewController.swift */ = {isa = PBXFileReference; fileEncoding = 4; lastKnownFileType = sourcecode.swift; path = OTPViewController.swift; sourceTree = "<group>"; };
		5D0F28421E41E6B70088E909 /* SigninViewController.swift */ = {isa = PBXFileReference; fileEncoding = 4; lastKnownFileType = sourcecode.swift; path = SigninViewController.swift; sourceTree = "<group>"; };
		5D0F28431E41E6B70088E909 /* SignupViewController.swift */ = {isa = PBXFileReference; fileEncoding = 4; lastKnownFileType = sourcecode.swift; path = SignupViewController.swift; sourceTree = "<group>"; };
		5D371AD91E67DBF600FC5FCC /* Providers.txt */ = {isa = PBXFileReference; fileEncoding = 4; lastKnownFileType = text; path = Providers.txt; sourceTree = "<group>"; };
		5D3E304F1E694AA70049EA8F /* PayBillModel.swift */ = {isa = PBXFileReference; fileEncoding = 4; lastKnownFileType = sourcecode.swift; path = PayBillModel.swift; sourceTree = "<group>"; };
		5D3E30511E694E500049EA8F /* FetchBillModel.swift */ = {isa = PBXFileReference; fileEncoding = 4; lastKnownFileType = sourcecode.swift; path = FetchBillModel.swift; sourceTree = "<group>"; };
		5D45B43C1E4C60C2000C32F7 /* SendOrAskMoneyViewController.swift */ = {isa = PBXFileReference; fileEncoding = 4; lastKnownFileType = sourcecode.swift; path = SendOrAskMoneyViewController.swift; sourceTree = "<group>"; };
		5D45B43E1E4C6152000C32F7 /* myAccountViewController.swift */ = {isa = PBXFileReference; fileEncoding = 4; lastKnownFileType = sourcecode.swift; path = myAccountViewController.swift; sourceTree = "<group>"; };
		5D45B4401E4C6DA9000C32F7 /* NotificationViewController.swift */ = {isa = PBXFileReference; fileEncoding = 4; lastKnownFileType = sourcecode.swift; path = NotificationViewController.swift; sourceTree = "<group>"; };
		5D45B4421E4C6DBD000C32F7 /* TransactionViewController.swift */ = {isa = PBXFileReference; fileEncoding = 4; lastKnownFileType = sourcecode.swift; path = TransactionViewController.swift; sourceTree = "<group>"; };
		5D45B4441E4C6E4B000C32F7 /* changePasswordViewController.swift */ = {isa = PBXFileReference; fileEncoding = 4; lastKnownFileType = sourcecode.swift; path = changePasswordViewController.swift; sourceTree = "<group>"; };
		5D45B4461E4C6EA0000C32F7 /* CompleteProfileViewController.swift */ = {isa = PBXFileReference; fileEncoding = 4; lastKnownFileType = sourcecode.swift; path = CompleteProfileViewController.swift; sourceTree = "<group>"; };
		5D4AAF661E5EEE4D00B3ABDC /* TransactionsViewController.swift */ = {isa = PBXFileReference; fileEncoding = 4; lastKnownFileType = sourcecode.swift; path = TransactionsViewController.swift; sourceTree = "<group>"; };
		5D4EC02C1E52E22C00662F39 /* SideMenuViewController.swift */ = {isa = PBXFileReference; fileEncoding = 4; lastKnownFileType = sourcecode.swift; name = SideMenuViewController.swift; path = purZ/SideMenuViewController.swift; sourceTree = "<group>"; };
		5D50FF311E543B8F00AD2941 /* SWRevealViewController.h */ = {isa = PBXFileReference; fileEncoding = 4; lastKnownFileType = sourcecode.c.h; path = SWRevealViewController.h; sourceTree = "<group>"; };
		5D50FF321E543B8F00AD2941 /* SWRevealViewController.m */ = {isa = PBXFileReference; fileEncoding = 4; lastKnownFileType = sourcecode.c.objc; path = SWRevealViewController.m; sourceTree = "<group>"; };
		C5C6EDDF51C61EA1B7E00D7A /* Pods-purZ.debug.xcconfig */ = {isa = PBXFileReference; includeInIndex = 1; lastKnownFileType = text.xcconfig; name = "Pods-purZ.debug.xcconfig"; path = "Pods/Target Support Files/Pods-purZ/Pods-purZ.debug.xcconfig"; sourceTree = "<group>"; };
/* End PBXFileReference section */

/* Begin PBXFrameworksBuildPhase section */
		5D0F27991E41CCF30088E909 /* Frameworks */ = {
			isa = PBXFrameworksBuildPhase;
			buildActionMask = 2147483647;
			files = (
				5D0F27F91E41CF300088E909 /* AVFoundation.framework in Frameworks */,
				5D0F27D21E41CDBA0088E909 /* libsqlite3.0.tbd in Frameworks */,
			);
			runOnlyForDeploymentPostprocessing = 0;
		};
		5D0F27AD1E41CCF30088E909 /* Frameworks */ = {
			isa = PBXFrameworksBuildPhase;
			buildActionMask = 2147483647;
			files = (
			);
			runOnlyForDeploymentPostprocessing = 0;
		};
		5D0F27B81E41CCF30088E909 /* Frameworks */ = {
			isa = PBXFrameworksBuildPhase;
			buildActionMask = 2147483647;
			files = (
			);
			runOnlyForDeploymentPostprocessing = 0;
		};
/* End PBXFrameworksBuildPhase section */

/* Begin PBXGroup section */
		44ADE0CABBCDAD5C0BEEC0A8 /* Frameworks */ = {
			isa = PBXGroup;
			children = (
			);
			name = Frameworks;
			sourceTree = "<group>";
		};
		5D0F27931E41CCF30088E909 = {
			isa = PBXGroup;
			children = (
				5D50FF2B1E542A2100AD2941 /* SwReavealViewController */,
				5D0F27FA1E41D01E0088E909 /* Podfile */,
				5D0F27F81E41CF300088E909 /* AVFoundation.framework */,
				5D0F27D11E41CDBA0088E909 /* libsqlite3.0.tbd */,
				5D0F27CD1E41CD360088E909 /* GoogleService-Info.plist */,
				5D0F279E1E41CCF30088E909 /* PurZ */,
				5D0F27CF1E41CD9D0088E909 /* Calibri Bold.ttf */,
				5D0F27D01E41CD9D0088E909 /* Calibri.ttf */,
				5D0F283B1E41D50E0088E909 /* Pods */,
				5D0F28271E41D4390088E909 /* QRCode */,
				5D0F28201E41D3D60088E909 /* AddMoney */,
				5D0F28191E41D2FC0088E909 /* Transaction & Nodification */,
				5D0F280C1E41D2030088E909 /* Profile &pay@ shop */,
				5D0F27FC1E41D0630088E909 /* model */,
				5D0F28091E41D1680088E909 /* Recharge/paybill */,
				5D5A99911E653DAB0048274B /* My Account */,
				5D0F27D31E41CDC90088E909 /* Home */,
				5D0F27DC1E41CE030088E909 /* Helper Class */,
				5D0F27B31E41CCF30088E909 /* purZTests */,
				5D0F27BE1E41CCF30088E909 /* purZUITests */,
				5D0F279D1E41CCF30088E909 /* Products */,
				44ADE0CABBCDAD5C0BEEC0A8 /* Frameworks */,
			);
			sourceTree = "<group>";
		};
		5D0F279D1E41CCF30088E909 /* Products */ = {
			isa = PBXGroup;
			children = (
				5D0F279C1E41CCF30088E909 /* purZ.app */,
				5D0F27B01E41CCF30088E909 /* purZTests.xctest */,
				5D0F27BB1E41CCF30088E909 /* purZUITests.xctest */,
			);
			name = Products;
			sourceTree = "<group>";
		};
		5D0F279E1E41CCF30088E909 /* PurZ */ = {
			isa = PBXGroup;
			children = (
				5D371AD91E67DBF600FC5FCC /* Providers.txt */,
				5D0635CE1E67259F00046007 /* Mobileseries.txt */,
				5D0F279F1E41CCF30088E909 /* AppDelegate.swift */,
				5D0F27A11E41CCF30088E909 /* ViewController.swift */,
				5D0F27A31E41CCF30088E909 /* Main.storyboard */,
				5D0F27A61E41CCF30088E909 /* Assets.xcassets */,
				5D0F27A81E41CCF30088E909 /* LaunchScreen.storyboard */,
				5D0F27AB1E41CCF30088E909 /* Info.plist */,
			);
			name = PurZ;
			path = purZ;
			sourceTree = "<group>";
		};
		5D0F27B31E41CCF30088E909 /* purZTests */ = {
			isa = PBXGroup;
			children = (
				5D0F27B41E41CCF30088E909 /* purZTests.swift */,
				5D0F27B61E41CCF30088E909 /* Info.plist */,
			);
			path = purZTests;
			sourceTree = "<group>";
		};
		5D0F27BE1E41CCF30088E909 /* purZUITests */ = {
			isa = PBXGroup;
			children = (
				5D0F27BF1E41CCF30088E909 /* purZUITests.swift */,
				5D0F27C11E41CCF30088E909 /* Info.plist */,
			);
			path = purZUITests;
			sourceTree = "<group>";
		};
		5D0F27D31E41CDC90088E909 /* Home */ = {
			isa = PBXGroup;
			children = (
				5D0AFCA01E5C89CD0097927F /* exitViewController.swift */,
				5D4EC02C1E52E22C00662F39 /* SideMenuViewController.swift */,
				5D0F28421E41E6B70088E909 /* SigninViewController.swift */,
				5D0F28431E41E6B70088E909 /* SignupViewController.swift */,
				5D45B43C1E4C60C2000C32F7 /* SendOrAskMoneyViewController.swift */,
				5D0AFC9E1E5C586E0097927F /* contactViewController.swift */,
				5D0F28401E41E55C0088E909 /* OTPViewController.swift */,
				5D0F27D51E41CDEF0088E909 /* FourdigitpasswordViewController.swift */,
				5D45B4461E4C6EA0000C32F7 /* CompleteProfileViewController.swift */,
				5D0F27D61E41CDEF0088E909 /* HomeViewController.swift */,
			);
			name = Home;
			sourceTree = "<group>";
		};
		5D0F27DC1E41CE030088E909 /* Helper Class */ = {
			isa = PBXGroup;
			children = (
				5D0F27DE1E41CE790088E909 /* AppConstant.swift */,
				5D0F27DF1E41CE790088E909 /* DBHelper.swift */,
				5D0F27E01E41CE790088E909 /* EventManager.swift */,
				5D0F27E11E41CE790088E909 /* FMDatabase.h */,
				5D0F27E21E41CE790088E909 /* FMDatabase.m */,
				5D0F27E31E41CE790088E909 /* FMDatabaseAdditions.h */,
				5D0F27E41E41CE790088E909 /* FMDatabaseAdditions.m */,
				5D0F27E51E41CE790088E909 /* FMDatabasePool.h */,
				5D0F27E61E41CE790088E909 /* FMDatabasePool.m */,
				5D0F27E71E41CE790088E909 /* FMDatabaseQueue.h */,
				5D0F27E81E41CE790088E909 /* FMDatabaseQueue.m */,
				5D0F27E91E41CE790088E909 /* FMDB.h */,
				5D0F27EA1E41CE790088E909 /* FMResultSet.h */,
				5D0F27EB1E41CE790088E909 /* FMResultSet.m */,
				5D0F27EC1E41CE790088E909 /* JsonSerializerSwift.swift */,
				5D0F27ED1E41CE790088E909 /* SwiftyJson.swift */,
				5D0F27DD1E41CE790088E909 /* purZ-Bridging-Header.h */,
			);
			name = "Helper Class";
			sourceTree = "<group>";
		};
		5D0F27FC1E41D0630088E909 /* model */ = {
			isa = PBXGroup;
			children = (
				5D0635CC1E67250B00046007 /* ModelViewforRecharge.swift */,
				5D0F27FD1E41D1010088E909 /* AddMoneyViewModel.swift */,
				5D3E30511E694E500049EA8F /* FetchBillModel.swift */,
				5D0F27FE1E41D1010088E909 /* AskMoneyViewModel.swift */,
				5D0F27FF1E41D1010088E909 /* RechargeViewModel.swift */,
				5D0F28071E41D1180088E909 /* SignupViewModel.swift */,
				5D0F28001E41D1010088E909 /* SplitbillViewModel.swift */,
				5D0F28011E41D1010088E909 /* TransactionViewModel.swift */,
				5D0635C81E671DC000046007 /* PlanViewModel.swift */,
				5D0635CA1E6724C400046007 /* rechargeorPayBill.swift */,
				5D3E304F1E694AA70049EA8F /* PayBillModel.swift */,
				5D0635D01E6725BE00046007 /* mobileSeries.swift */,
			);
			name = model;
			sourceTree = "<group>";
		};
		5D0F28091E41D1680088E909 /* Recharge/paybill */ = {
			isa = PBXGroup;
			children = (
				5D0635C21E671D8C00046007 /* BrowsePlanViewController.swift */,
				5D0635C31E671D8C00046007 /* operatorViewController.swift */,
				5D0635C41E671D8C00046007 /* RechargeorPayBills.swift */,
			);
			name = Recharge/paybill;
			sourceTree = "<group>";
		};
		5D0F280C1E41D2030088E909 /* Profile &pay@ shop */ = {
			isa = PBXGroup;
			children = (
				5D0F28131E41D2E20088E909 /* PayatStoreViewController.swift */,
				5D0F28141E41D2E20088E909 /* PaymentSuccessfulViewController.swift */,
			);
			name = "Profile &pay@ shop";
			sourceTree = "<group>";
		};
		5D0F28191E41D2FC0088E909 /* Transaction & Nodification */ = {
			isa = PBXGroup;
			children = (
				5D45B4401E4C6DA9000C32F7 /* NotificationViewController.swift */,
				5D0F281B1E41D3BF0088E909 /* TransactionModel.swift */,
				5D45B4421E4C6DBD000C32F7 /* TransactionViewController.swift */,
				5D4AAF661E5EEE4D00B3ABDC /* TransactionsViewController.swift */,
			);
			name = "Transaction & Nodification";
			sourceTree = "<group>";
		};
		5D0F28201E41D3D60088E909 /* AddMoney */ = {
			isa = PBXGroup;
			children = (
				5D0F28211E41D4220088E909 /* AddMoneyViewController.swift */,
				5D0F28221E41D4220088E909 /* SplitBillViewController.swift */,
				5D0F28231E41D4220088E909 /* WebViewController.swift */,
			);
			name = AddMoney;
			sourceTree = "<group>";
		};
		5D0F28271E41D4390088E909 /* QRCode */ = {
			isa = PBXGroup;
			children = (
				5D0F28281E41D4C60088E909 /* QRCode.h */,
				5D0F28291E41D4C60088E909 /* QRCode.swift */,
				5D0F282A1E41D4C60088E909 /* QRCodeReader.swift */,
				5D0F282B1E41D4C60088E909 /* QRCodeReaderResult.swift */,
				5D0F282C1E41D4C60088E909 /* QRCodeViewController.swift */,
				5D0F282D1E41D4C60088E909 /* QRCodeViewControllerBuilder.swift */,
				5D0F282E1E41D4C60088E909 /* QRHelper.swift */,
				5D0F282F1E41D4C60088E909 /* ReaderOverlayView.swift */,
				5D0F28301E41D4C60088E909 /* SwitchCameraButton.swift */,
				5D0F28311E41D4C60088E909 /* ToggleTorchButton.swift */,
			);
			name = QRCode;
			sourceTree = "<group>";
		};
		5D0F283B1E41D50E0088E909 /* Pods */ = {
			isa = PBXGroup;
			children = (
				C5C6EDDF51C61EA1B7E00D7A /* Pods-purZ.debug.xcconfig */,
				593ABBF6BE1B70A09AB4530F /* Pods-purZ.release.xcconfig */,
			);
			name = Pods;
			sourceTree = "<group>";
		};
		5D50FF2B1E542A2100AD2941 /* SwReavealViewController */ = {
			isa = PBXGroup;
			children = (
				5D50FF311E543B8F00AD2941 /* SWRevealViewController.h */,
				5D50FF321E543B8F00AD2941 /* SWRevealViewController.m */,
			);
			name = SwReavealViewController;
			sourceTree = "<group>";
		};
		5D5A99911E653DAB0048274B /* My Account */ = {
			isa = PBXGroup;
			children = (
				5D45B4441E4C6E4B000C32F7 /* changePasswordViewController.swift */,
				5D45B43E1E4C6152000C32F7 /* myAccountViewController.swift */,
				5D0F28151E41D2E20088E909 /* ProfileSettingsViewController.swift */,
			);
			name = "My Account";
			sourceTree = "<group>";
		};
/* End PBXGroup section */

/* Begin PBXNativeTarget section */
		5D0F279B1E41CCF30088E909 /* purZ */ = {
			isa = PBXNativeTarget;
			buildConfigurationList = 5D0F27C41E41CCF30088E909 /* Build configuration list for PBXNativeTarget "purZ" */;
			buildPhases = (
				0FBA1F77B7D0DF733AF9811C /* [CP] Check Pods Manifest.lock */,
				5D0F27981E41CCF30088E909 /* Sources */,
				5D0F27991E41CCF30088E909 /* Frameworks */,
				5D0F279A1E41CCF30088E909 /* Resources */,
				5698A34C7FBFDEAACDAD8951 /* [CP] Embed Pods Frameworks */,
				9510E16C22DE2CC063744B01 /* [CP] Copy Pods Resources */,
			);
			buildRules = (
			);
			dependencies = (
			);
			name = purZ;
			productName = purZ;
			productReference = 5D0F279C1E41CCF30088E909 /* purZ.app */;
			productType = "com.apple.product-type.application";
		};
		5D0F27AF1E41CCF30088E909 /* purZTests */ = {
			isa = PBXNativeTarget;
			buildConfigurationList = 5D0F27C71E41CCF30088E909 /* Build configuration list for PBXNativeTarget "purZTests" */;
			buildPhases = (
				5D0F27AC1E41CCF30088E909 /* Sources */,
				5D0F27AD1E41CCF30088E909 /* Frameworks */,
				5D0F27AE1E41CCF30088E909 /* Resources */,
			);
			buildRules = (
			);
			dependencies = (
				5D0F27B21E41CCF30088E909 /* PBXTargetDependency */,
			);
			name = purZTests;
			productName = purZTests;
			productReference = 5D0F27B01E41CCF30088E909 /* purZTests.xctest */;
			productType = "com.apple.product-type.bundle.unit-test";
		};
		5D0F27BA1E41CCF30088E909 /* purZUITests */ = {
			isa = PBXNativeTarget;
			buildConfigurationList = 5D0F27CA1E41CCF30088E909 /* Build configuration list for PBXNativeTarget "purZUITests" */;
			buildPhases = (
				5D0F27B71E41CCF30088E909 /* Sources */,
				5D0F27B81E41CCF30088E909 /* Frameworks */,
				5D0F27B91E41CCF30088E909 /* Resources */,
			);
			buildRules = (
			);
			dependencies = (
				5D0F27BD1E41CCF30088E909 /* PBXTargetDependency */,
			);
			name = purZUITests;
			productName = purZUITests;
			productReference = 5D0F27BB1E41CCF30088E909 /* purZUITests.xctest */;
			productType = "com.apple.product-type.bundle.ui-testing";
		};
/* End PBXNativeTarget section */

/* Begin PBXProject section */
		5D0F27941E41CCF30088E909 /* Project object */ = {
			isa = PBXProject;
			attributes = {
				LastSwiftUpdateCheck = 0720;
				LastUpgradeCheck = 0720;
				ORGANIZATIONNAME = Vertace;
				TargetAttributes = {
					5D0F279B1E41CCF30088E909 = {
						CreatedOnToolsVersion = 7.2.1;
						DevelopmentTeam = FQDZ552E9U;
					};
					5D0F27AF1E41CCF30088E909 = {
						CreatedOnToolsVersion = 7.2.1;
						DevelopmentTeam = FQDZ552E9U;
						TestTargetID = 5D0F279B1E41CCF30088E909;
					};
					5D0F27BA1E41CCF30088E909 = {
						CreatedOnToolsVersion = 7.2.1;
						DevelopmentTeam = FQDZ552E9U;
						TestTargetID = 5D0F279B1E41CCF30088E909;
					};
				};
			};
			buildConfigurationList = 5D0F27971E41CCF30088E909 /* Build configuration list for PBXProject "purZ" */;
			compatibilityVersion = "Xcode 3.2";
			developmentRegion = English;
			hasScannedForEncodings = 0;
			knownRegions = (
				en,
				Base,
			);
			mainGroup = 5D0F27931E41CCF30088E909;
			productRefGroup = 5D0F279D1E41CCF30088E909 /* Products */;
			projectDirPath = "";
			projectRoot = "";
			targets = (
				5D0F279B1E41CCF30088E909 /* purZ */,
				5D0F27AF1E41CCF30088E909 /* purZTests */,
				5D0F27BA1E41CCF30088E909 /* purZUITests */,
			);
		};
/* End PBXProject section */

/* Begin PBXResourcesBuildPhase section */
		5D0F279A1E41CCF30088E909 /* Resources */ = {
			isa = PBXResourcesBuildPhase;
			buildActionMask = 2147483647;
			files = (
				5D0F27FB1E41D01E0088E909 /* Podfile in Resources */,
				5D0635CF1E67259F00046007 /* Mobileseries.txt in Resources */,
				5D371ADA1E67DBF600FC5FCC /* Providers.txt in Resources */,
				5D0F283E1E41D52E0088E909 /* (null) in Resources */,
				5D0F27AA1E41CCF30088E909 /* LaunchScreen.storyboard in Resources */,
				5D0F283F1E41D52E0088E909 /* (null) in Resources */,
				5D0F27CE1E41CD360088E909 /* GoogleService-Info.plist in Resources */,
				5D0F27A71E41CCF30088E909 /* Assets.xcassets in Resources */,
				5D0F27A51E41CCF30088E909 /* Main.storyboard in Resources */,
			);
			runOnlyForDeploymentPostprocessing = 0;
		};
		5D0F27AE1E41CCF30088E909 /* Resources */ = {
			isa = PBXResourcesBuildPhase;
			buildActionMask = 2147483647;
			files = (
			);
			runOnlyForDeploymentPostprocessing = 0;
		};
		5D0F27B91E41CCF30088E909 /* Resources */ = {
			isa = PBXResourcesBuildPhase;
			buildActionMask = 2147483647;
			files = (
			);
			runOnlyForDeploymentPostprocessing = 0;
		};
/* End PBXResourcesBuildPhase section */

/* Begin PBXShellScriptBuildPhase section */
		0FBA1F77B7D0DF733AF9811C /* [CP] Check Pods Manifest.lock */ = {
			isa = PBXShellScriptBuildPhase;
			buildActionMask = 2147483647;
			files = (
			);
			inputPaths = (
			);
			name = "[CP] Check Pods Manifest.lock";
			outputPaths = (
			);
			runOnlyForDeploymentPostprocessing = 0;
			shellPath = /bin/sh;
			shellScript = "diff \"${PODS_ROOT}/../Podfile.lock\" \"${PODS_ROOT}/Manifest.lock\" > /dev/null\nif [ $? != 0 ] ; then\n    # print error to STDERR\n    echo \"error: The sandbox is not in sync with the Podfile.lock. Run 'pod install' or update your CocoaPods installation.\" >&2\n    exit 1\nfi\n";
			showEnvVarsInLog = 0;
		};
		5698A34C7FBFDEAACDAD8951 /* [CP] Embed Pods Frameworks */ = {
			isa = PBXShellScriptBuildPhase;
			buildActionMask = 2147483647;
			files = (
			);
			inputPaths = (
			);
			name = "[CP] Embed Pods Frameworks";
			outputPaths = (
			);
			runOnlyForDeploymentPostprocessing = 0;
			shellPath = /bin/sh;
			shellScript = "\"${SRCROOT}/Pods/Target Support Files/Pods-purZ/Pods-purZ-frameworks.sh\"\n";
			showEnvVarsInLog = 0;
		};
		9510E16C22DE2CC063744B01 /* [CP] Copy Pods Resources */ = {
			isa = PBXShellScriptBuildPhase;
			buildActionMask = 2147483647;
			files = (
			);
			inputPaths = (
			);
			name = "[CP] Copy Pods Resources";
			outputPaths = (
			);
			runOnlyForDeploymentPostprocessing = 0;
			shellPath = /bin/sh;
			shellScript = "\"${SRCROOT}/Pods/Target Support Files/Pods-purZ/Pods-purZ-resources.sh\"\n";
			showEnvVarsInLog = 0;
		};
/* End PBXShellScriptBuildPhase section */

/* Begin PBXSourcesBuildPhase section */
		5D0F27981E41CCF30088E909 /* Sources */ = {
			isa = PBXSourcesBuildPhase;
			buildActionMask = 2147483647;
			files = (
				5D0F27F61E41CE790088E909 /* JsonSerializerSwift.swift in Sources */,
				5D0F27F01E41CE790088E909 /* EventManager.swift in Sources */,
				5D4EC02D1E52E22C00662F39 /* SideMenuViewController.swift in Sources */,
				5D0F28451E41E6B70088E909 /* SignupViewController.swift in Sources */,
				5D0F28331E41D4C60088E909 /* QRCodeReader.swift in Sources */,
				5D0F27F31E41CE790088E909 /* FMDatabasePool.m in Sources */,
				5D0635D11E6725BE00046007 /* mobileSeries.swift in Sources */,
				5D0F28031E41D1010088E909 /* AskMoneyViewModel.swift in Sources */,
				5D0F281E1E41D3BF0088E909 /* TransactionModel.swift in Sources */,
				5D3E30521E694E500049EA8F /* FetchBillModel.swift in Sources */,
				5D0F28351E41D4C60088E909 /* QRCodeViewController.swift in Sources */,
				5D0F28321E41D4C60088E909 /* QRCode.swift in Sources */,
				5D0F28021E41D1010088E909 /* AddMoneyViewModel.swift in Sources */,
				5D50FF331E543B8F00AD2941 /* SWRevealViewController.m in Sources */,
				5D0F27F51E41CE790088E909 /* FMResultSet.m in Sources */,
				5D0F27DA1E41CDEF0088E909 /* HomeViewController.swift in Sources */,
				5D0F28341E41D4C60088E909 /* QRCodeReaderResult.swift in Sources */,
				5D0F28411E41E55C0088E909 /* OTPViewController.swift in Sources */,
				5D0F27A21E41CCF30088E909 /* ViewController.swift in Sources */,
				5D0635C71E671D8C00046007 /* RechargeorPayBills.swift in Sources */,
				5D0F27F41E41CE790088E909 /* FMDatabaseQueue.m in Sources */,
				5D3E30501E694AA70049EA8F /* PayBillModel.swift in Sources */,
				5D0F28171E41D2E20088E909 /* PaymentSuccessfulViewController.swift in Sources */,
				5D0F27F11E41CE790088E909 /* FMDatabase.m in Sources */,
				5D0F27EE1E41CE790088E909 /* AppConstant.swift in Sources */,
				5D45B4451E4C6E4B000C32F7 /* changePasswordViewController.swift in Sources */,
				5D0F27A01E41CCF30088E909 /* AppDelegate.swift in Sources */,
				5D0F28441E41E6B70088E909 /* SigninViewController.swift in Sources */,
				5D0635CB1E6724C400046007 /* rechargeorPayBill.swift in Sources */,
				5D0F28251E41D4220088E909 /* SplitBillViewController.swift in Sources */,
				5D0F28261E41D4220088E909 /* WebViewController.swift in Sources */,
				5D4AAF671E5EEE4D00B3ABDC /* TransactionsViewController.swift in Sources */,
				5D0F28361E41D4C60088E909 /* QRCodeViewControllerBuilder.swift in Sources */,
				5D0F28161E41D2E20088E909 /* PayatStoreViewController.swift in Sources */,
				5D0635C51E671D8C00046007 /* BrowsePlanViewController.swift in Sources */,
				5D0F28371E41D4C60088E909 /* QRHelper.swift in Sources */,
				5D0F283A1E41D4C60088E909 /* ToggleTorchButton.swift in Sources */,
				5D0F28041E41D1010088E909 /* RechargeViewModel.swift in Sources */,
				5D0635C91E671DC000046007 /* PlanViewModel.swift in Sources */,
				5D45B43F1E4C6152000C32F7 /* myAccountViewController.swift in Sources */,
				5D0F27F71E41CE790088E909 /* SwiftyJson.swift in Sources */,
				5D45B4471E4C6EA0000C32F7 /* CompleteProfileViewController.swift in Sources */,
				5D0AFC9F1E5C586E0097927F /* contactViewController.swift in Sources */,
				5D0F28391E41D4C60088E909 /* SwitchCameraButton.swift in Sources */,
				5D0F28181E41D2E20088E909 /* ProfileSettingsViewController.swift in Sources */,
				5D0F27F21E41CE790088E909 /* FMDatabaseAdditions.m in Sources */,
				5D45B4411E4C6DA9000C32F7 /* NotificationViewController.swift in Sources */,
				5D0F28081E41D1180088E909 /* SignupViewModel.swift in Sources */,
				5D0F28241E41D4220088E909 /* AddMoneyViewController.swift in Sources */,
				5D0635C61E671D8C00046007 /* operatorViewController.swift in Sources */,
				5D0635CD1E67250B00046007 /* ModelViewforRecharge.swift in Sources */,
				5D0F27D91E41CDEF0088E909 /* FourdigitpasswordViewController.swift in Sources */,
				5D0F28051E41D1010088E909 /* SplitbillViewModel.swift in Sources */,
				5D0AFCA11E5C89CD0097927F /* exitViewController.swift in Sources */,
				5D45B4431E4C6DBD000C32F7 /* TransactionViewController.swift in Sources */,
				5D0F27EF1E41CE790088E909 /* DBHelper.swift in Sources */,
				5D0F28381E41D4C60088E909 /* ReaderOverlayView.swift in Sources */,
				5D45B43D1E4C60C2000C32F7 /* SendOrAskMoneyViewController.swift in Sources */,
				5D0F28061E41D1010088E909 /* TransactionViewModel.swift in Sources */,
			);
			runOnlyForDeploymentPostprocessing = 0;
		};
		5D0F27AC1E41CCF30088E909 /* Sources */ = {
			isa = PBXSourcesBuildPhase;
			buildActionMask = 2147483647;
			files = (
				5D0F27B51E41CCF30088E909 /* purZTests.swift in Sources */,
			);
			runOnlyForDeploymentPostprocessing = 0;
		};
		5D0F27B71E41CCF30088E909 /* Sources */ = {
			isa = PBXSourcesBuildPhase;
			buildActionMask = 2147483647;
			files = (
				5D29B21E1E4366E900F0CCDE /* OTPViewController.swift in Sources */,
				5D0F27C01E41CCF30088E909 /* purZUITests.swift in Sources */,
			);
			runOnlyForDeploymentPostprocessing = 0;
		};
/* End PBXSourcesBuildPhase section */

/* Begin PBXTargetDependency section */
		5D0F27B21E41CCF30088E909 /* PBXTargetDependency */ = {
			isa = PBXTargetDependency;
			target = 5D0F279B1E41CCF30088E909 /* purZ */;
			targetProxy = 5D0F27B11E41CCF30088E909 /* PBXContainerItemProxy */;
		};
		5D0F27BD1E41CCF30088E909 /* PBXTargetDependency */ = {
			isa = PBXTargetDependency;
			target = 5D0F279B1E41CCF30088E909 /* purZ */;
			targetProxy = 5D0F27BC1E41CCF30088E909 /* PBXContainerItemProxy */;
		};
/* End PBXTargetDependency section */

/* Begin PBXVariantGroup section */
		5D0F27A31E41CCF30088E909 /* Main.storyboard */ = {
			isa = PBXVariantGroup;
			children = (
				5D0F27A41E41CCF30088E909 /* Base */,
			);
			name = Main.storyboard;
			sourceTree = "<group>";
		};
		5D0F27A81E41CCF30088E909 /* LaunchScreen.storyboard */ = {
			isa = PBXVariantGroup;
			children = (
				5D0F27A91E41CCF30088E909 /* Base */,
			);
			name = LaunchScreen.storyboard;
			sourceTree = "<group>";
		};
/* End PBXVariantGroup section */

/* Begin XCBuildConfiguration section */
		5D0F27C21E41CCF30088E909 /* Debug */ = {
			isa = XCBuildConfiguration;
			buildSettings = {
				ALWAYS_SEARCH_USER_PATHS = NO;
				CLANG_CXX_LANGUAGE_STANDARD = "gnu++0x";
				CLANG_CXX_LIBRARY = "libc++";
				CLANG_ENABLE_MODULES = YES;
				CLANG_ENABLE_OBJC_ARC = YES;
				CLANG_WARN_BOOL_CONVERSION = YES;
				CLANG_WARN_CONSTANT_CONVERSION = YES;
				CLANG_WARN_DIRECT_OBJC_ISA_USAGE = YES_ERROR;
				CLANG_WARN_EMPTY_BODY = YES;
				CLANG_WARN_ENUM_CONVERSION = YES;
				CLANG_WARN_INT_CONVERSION = YES;
				CLANG_WARN_OBJC_ROOT_CLASS = YES_ERROR;
				CLANG_WARN_UNREACHABLE_CODE = YES;
				CLANG_WARN__DUPLICATE_METHOD_MATCH = YES;
				"CODE_SIGN_IDENTITY[sdk=iphoneos*]" = "iPhone Developer";
				COPY_PHASE_STRIP = NO;
				DEBUG_INFORMATION_FORMAT = dwarf;
				ENABLE_STRICT_OBJC_MSGSEND = YES;
				ENABLE_TESTABILITY = YES;
				GCC_C_LANGUAGE_STANDARD = gnu99;
				GCC_DYNAMIC_NO_PIC = NO;
				GCC_NO_COMMON_BLOCKS = YES;
				GCC_OPTIMIZATION_LEVEL = 0;
				GCC_PREPROCESSOR_DEFINITIONS = (
					"DEBUG=1",
					"$(inherited)",
				);
				GCC_WARN_64_TO_32_BIT_CONVERSION = YES;
				GCC_WARN_ABOUT_RETURN_TYPE = YES_ERROR;
				GCC_WARN_UNDECLARED_SELECTOR = YES;
				GCC_WARN_UNINITIALIZED_AUTOS = YES_AGGRESSIVE;
				GCC_WARN_UNUSED_FUNCTION = YES;
				GCC_WARN_UNUSED_VARIABLE = YES;
				IPHONEOS_DEPLOYMENT_TARGET = 9.2;
				MTL_ENABLE_DEBUG_INFO = YES;
				ONLY_ACTIVE_ARCH = YES;
				SDKROOT = iphoneos;
				SWIFT_OPTIMIZATION_LEVEL = "-Onone";
				TARGETED_DEVICE_FAMILY = "1,2";
			};
			name = Debug;
		};
		5D0F27C31E41CCF30088E909 /* Release */ = {
			isa = XCBuildConfiguration;
			buildSettings = {
				ALWAYS_SEARCH_USER_PATHS = NO;
				CLANG_CXX_LANGUAGE_STANDARD = "gnu++0x";
				CLANG_CXX_LIBRARY = "libc++";
				CLANG_ENABLE_MODULES = YES;
				CLANG_ENABLE_OBJC_ARC = YES;
				CLANG_WARN_BOOL_CONVERSION = YES;
				CLANG_WARN_CONSTANT_CONVERSION = YES;
				CLANG_WARN_DIRECT_OBJC_ISA_USAGE = YES_ERROR;
				CLANG_WARN_EMPTY_BODY = YES;
				CLANG_WARN_ENUM_CONVERSION = YES;
				CLANG_WARN_INT_CONVERSION = YES;
				CLANG_WARN_OBJC_ROOT_CLASS = YES_ERROR;
				CLANG_WARN_UNREACHABLE_CODE = YES;
				CLANG_WARN__DUPLICATE_METHOD_MATCH = YES;
				"CODE_SIGN_IDENTITY[sdk=iphoneos*]" = "iPhone Developer";
				COPY_PHASE_STRIP = NO;
				DEBUG_INFORMATION_FORMAT = "dwarf-with-dsym";
				ENABLE_NS_ASSERTIONS = NO;
				ENABLE_STRICT_OBJC_MSGSEND = YES;
				GCC_C_LANGUAGE_STANDARD = gnu99;
				GCC_NO_COMMON_BLOCKS = YES;
				GCC_WARN_64_TO_32_BIT_CONVERSION = YES;
				GCC_WARN_ABOUT_RETURN_TYPE = YES_ERROR;
				GCC_WARN_UNDECLARED_SELECTOR = YES;
				GCC_WARN_UNINITIALIZED_AUTOS = YES_AGGRESSIVE;
				GCC_WARN_UNUSED_FUNCTION = YES;
				GCC_WARN_UNUSED_VARIABLE = YES;
				IPHONEOS_DEPLOYMENT_TARGET = 9.2;
				MTL_ENABLE_DEBUG_INFO = NO;
				SDKROOT = iphoneos;
				TARGETED_DEVICE_FAMILY = "1,2";
				VALIDATE_PRODUCT = YES;
			};
			name = Release;
		};
		5D0F27C51E41CCF30088E909 /* Debug */ = {
			isa = XCBuildConfiguration;
			baseConfigurationReference = C5C6EDDF51C61EA1B7E00D7A /* Pods-purZ.debug.xcconfig */;
			buildSettings = {
				ASSETCATALOG_COMPILER_APPICON_NAME = AppIcon;
				CLANG_ENABLE_MODULES = YES;
				CODE_SIGN_IDENTITY = "iPhone Developer";
				"CODE_SIGN_IDENTITY[sdk=iphoneos*]" = "iPhone Developer";
				INFOPLIST_FILE = purZ/Info.plist;
				IPHONEOS_DEPLOYMENT_TARGET = 9.2;
				LD_RUNPATH_SEARCH_PATHS = "$(inherited) @executable_path/Frameworks";
				PRODUCT_BUNDLE_IDENTIFIER = com.purZ;
				PRODUCT_NAME = purZ;
				PROVISIONING_PROFILE = "";
				SWIFT_OBJC_BRIDGING_HEADER = "purZ-Bridging-Header.h";
				SWIFT_OPTIMIZATION_LEVEL = "-Onone";
			};
			name = Debug;
		};
		5D0F27C61E41CCF30088E909 /* Release */ = {
			isa = XCBuildConfiguration;
			baseConfigurationReference = 593ABBF6BE1B70A09AB4530F /* Pods-purZ.release.xcconfig */;
			buildSettings = {
				ASSETCATALOG_COMPILER_APPICON_NAME = AppIcon;
				CLANG_ENABLE_MODULES = YES;
				CODE_SIGN_IDENTITY = "iPhone Developer";
				"CODE_SIGN_IDENTITY[sdk=iphoneos*]" = "iPhone Developer";
				INFOPLIST_FILE = purZ/Info.plist;
				IPHONEOS_DEPLOYMENT_TARGET = 9.2;
				LD_RUNPATH_SEARCH_PATHS = "$(inherited) @executable_path/Frameworks";
				PRODUCT_BUNDLE_IDENTIFIER = com.purZ;
				PRODUCT_NAME = purZ;
				PROVISIONING_PROFILE = "";
				SWIFT_OBJC_BRIDGING_HEADER = "purZ-Bridging-Header.h";
			};
			name = Release;
		};
		5D0F27C81E41CCF30088E909 /* Debug */ = {
			isa = XCBuildConfiguration;
			buildSettings = {
				BUNDLE_LOADER = "$(TEST_HOST)";
				INFOPLIST_FILE = purZTests/Info.plist;
				LD_RUNPATH_SEARCH_PATHS = "$(inherited) @executable_path/Frameworks @loader_path/Frameworks";
				PRODUCT_BUNDLE_IDENTIFIER = com.purZTests;
				PRODUCT_NAME = "$(TARGET_NAME)";
				TEST_HOST = "$(BUILT_PRODUCTS_DIR)/purZ.app/purZ";
			};
			name = Debug;
		};
		5D0F27C91E41CCF30088E909 /* Release */ = {
			isa = XCBuildConfiguration;
			buildSettings = {
				BUNDLE_LOADER = "$(TEST_HOST)";
				INFOPLIST_FILE = purZTests/Info.plist;
				LD_RUNPATH_SEARCH_PATHS = "$(inherited) @executable_path/Frameworks @loader_path/Frameworks";
				PRODUCT_BUNDLE_IDENTIFIER = com.purZTests;
				PRODUCT_NAME = "$(TARGET_NAME)";
				TEST_HOST = "$(BUILT_PRODUCTS_DIR)/purZ.app/purZ";
			};
			name = Release;
		};
		5D0F27CB1E41CCF30088E909 /* Debug */ = {
			isa = XCBuildConfiguration;
			buildSettings = {
				INFOPLIST_FILE = purZUITests/Info.plist;
				LD_RUNPATH_SEARCH_PATHS = "$(inherited) @executable_path/Frameworks @loader_path/Frameworks";
				PRODUCT_BUNDLE_IDENTIFIER = com.purZUITests;
				PRODUCT_NAME = "$(TARGET_NAME)";
				TEST_TARGET_NAME = purZ;
				USES_XCTRUNNER = YES;
			};
			name = Debug;
		};
		5D0F27CC1E41CCF30088E909 /* Release */ = {
			isa = XCBuildConfiguration;
			buildSettings = {
				INFOPLIST_FILE = purZUITests/Info.plist;
				LD_RUNPATH_SEARCH_PATHS = "$(inherited) @executable_path/Frameworks @loader_path/Frameworks";
				PRODUCT_BUNDLE_IDENTIFIER = com.purZUITests;
				PRODUCT_NAME = "$(TARGET_NAME)";
				TEST_TARGET_NAME = purZ;
				USES_XCTRUNNER = YES;
			};
			name = Release;
		};
/* End XCBuildConfiguration section */

/* Begin XCConfigurationList section */
		5D0F27971E41CCF30088E909 /* Build configuration list for PBXProject "purZ" */ = {
			isa = XCConfigurationList;
			buildConfigurations = (
				5D0F27C21E41CCF30088E909 /* Debug */,
				5D0F27C31E41CCF30088E909 /* Release */,
			);
			defaultConfigurationIsVisible = 0;
			defaultConfigurationName = Release;
		};
		5D0F27C41E41CCF30088E909 /* Build configuration list for PBXNativeTarget "purZ" */ = {
			isa = XCConfigurationList;
			buildConfigurations = (
				5D0F27C51E41CCF30088E909 /* Debug */,
				5D0F27C61E41CCF30088E909 /* Release */,
			);
			defaultConfigurationIsVisible = 0;
			defaultConfigurationName = Release;
		};
		5D0F27C71E41CCF30088E909 /* Build configuration list for PBXNativeTarget "purZTests" */ = {
			isa = XCConfigurationList;
			buildConfigurations = (
				5D0F27C81E41CCF30088E909 /* Debug */,
				5D0F27C91E41CCF30088E909 /* Release */,
			);
			defaultConfigurationIsVisible = 0;
			defaultConfigurationName = Release;
		};
		5D0F27CA1E41CCF30088E909 /* Build configuration list for PBXNativeTarget "purZUITests" */ = {
			isa = XCConfigurationList;
			buildConfigurations = (
				5D0F27CB1E41CCF30088E909 /* Debug */,
				5D0F27CC1E41CCF30088E909 /* Release */,
			);
			defaultConfigurationIsVisible = 0;
			defaultConfigurationName = Release;
		};
/* End XCConfigurationList section */
	};
	rootObject = 5D0F27941E41CCF30088E909 /* Project object */;
}
